
Microsoft Visual Studio Solution File, Format Version 12.00
# Visual Studio Version 16
VisualStudioVersion = 16.0.30309.148
MinimumVisualStudioVersion = 10.0.40219.1
Project("{FAE04EC0-301F-11D3-BF4B-00C04F79EFBC}") = "TelegramChatBot", "TelegramChatBot\TelegramChatBot.csproj", "{D6D1C315-56E8-4545-B2B6-A93FD71A56F9}"
EndProject
Global
	GlobalSection(SolutionConfigurationPlatforms) = preSolution
		Debug|Any CPU = Debug|Any CPU
		Release|Any CPU = Release|Any CPU
	EndGlobalSection
	GlobalSection(ProjectConfigurationPlatforms) = postSolution
		{D6D1C315-56E8-4545-B2B6-A93FD71A56F9}.Debug|Any CPU.ActiveCfg = Debug|Any CPU
		{D6D1C315-56E8-4545-B2B6-A93FD71A56F9}.Debug|Any CPU.Build.0 = Debug|Any CPU
		{D6D1C315-56E8-4545-B2B6-A93FD71A56F9}.Release|Any CPU.ActiveCfg = Release|Any CPU
		{D6D1C315-56E8-4545-B2B6-A93FD71A56F9}.Release|Any CPU.Build.0 = Release|Any CPU
	EndGlobalSection
	GlobalSection(SolutionProperties) = preSolution
		HideSolutionNode = FALSE
	EndGlobalSection
	GlobalSection(ExtensibilityGlobals) = postSolution
		SolutionGuid = {35740F0D-7F4A-4FD4-970D-B8D6464D5EB5}
	EndGlobalSection
EndGlobal
